// !$*UTF8*$!
{
	archiveVersion = 1;
	classes = {
	};
	objectVersion = 46;
	objects = {

/* Begin PBXBuildFile section */
		1641A25B1DFC3A1600662E5B /* main.m in Sources */ = {isa = PBXBuildFile; fileRef = 1641A25A1DFC3A1600662E5B /* main.m */; };
		1641A25E1DFC3A1600662E5B /* AppDelegate.m in Sources */ = {isa = PBXBuildFile; fileRef = 1641A25D1DFC3A1600662E5B /* AppDelegate.m */; };
		1641A2641DFC3A1600662E5B /* Main.storyboard in Resources */ = {isa = PBXBuildFile; fileRef = 1641A2621DFC3A1600662E5B /* Main.storyboard */; };
		1641A2661DFC3A1600662E5B /* Assets.xcassets in Resources */ = {isa = PBXBuildFile; fileRef = 1641A2651DFC3A1600662E5B /* Assets.xcassets */; };
		1641A2691DFC3A1600662E5B /* LaunchScreen.storyboard in Resources */ = {isa = PBXBuildFile; fileRef = 1641A2671DFC3A1600662E5B /* LaunchScreen.storyboard */; };
		1641A2751DFC3D2D00662E5B /* BWTableViewCell.m in Sources */ = {isa = PBXBuildFile; fileRef = 1641A2711DFC3D2D00662E5B /* BWTableViewCell.m */; };
		1641A2761DFC3D2D00662E5B /* BWTableViewCell.xib in Resources */ = {isa = PBXBuildFile; fileRef = 1641A2721DFC3D2D00662E5B /* BWTableViewCell.xib */; };
		1641A2771DFC3D2D00662E5B /* BWTableViewController.m in Sources */ = {isa = PBXBuildFile; fileRef = 1641A2741DFC3D2D00662E5B /* BWTableViewController.m */; };
/* End PBXBuildFile section */

/* Begin PBXFileReference section */
		1641A2561DFC3A1600662E5B /* BWTableView_SimpleUse.app */ = {isa = PBXFileReference; explicitFileType = wrapper.application; includeInIndex = 0; path = BWTableView_SimpleUse.app; sourceTree = BUILT_PRODUCTS_DIR; };
		1641A25A1DFC3A1600662E5B /* main.m */ = {isa = PBXFileReference; lastKnownFileType = sourcecode.c.objc; path = main.m; sourceTree = "<group>"; };
		1641A25C1DFC3A1600662E5B /* AppDelegate.h */ = {isa = PBXFileReference; lastKnownFileType = sourcecode.c.h; path = AppDelegate.h; sourceTree = "<group>"; };
		1641A25D1DFC3A1600662E5B /* AppDelegate.m */ = {isa = PBXFileReference; lastKnownFileType = sourcecode.c.objc; path = AppDelegate.m; sourceTree = "<group>"; };
		1641A2631DFC3A1600662E5B /* Base */ = {isa = PBXFileReference; lastKnownFileType = file.storyboard; name = Base; path = Base.lproj/Main.storyboard; sourceTree = "<group>"; };
		1641A2651DFC3A1600662E5B /* Assets.xcassets */ = {isa = PBXFileReference; lastKnownFileType = folder.assetcatalog; path = Assets.xcassets; sourceTree = "<group>"; };
		1641A2681DFC3A1600662E5B /* Base */ = {isa = PBXFileReference; lastKnownFileType = file.storyboard; name = Base; path = Base.lproj/LaunchScreen.storyboard; sourceTree = "<group>"; };
		1641A26A1DFC3A1600662E5B /* Info.plist */ = {isa = PBXFileReference; lastKnownFileType = text.plist.xml; path = Info.plist; sourceTree = "<group>"; };
		1641A2701DFC3D2D00662E5B /* BWTableViewCell.h */ = {isa = PBXFileReference; fileEncoding = 4; lastKnownFileType = sourcecode.c.h; path = BWTableViewCell.h; sourceTree = "<group>"; };
		1641A2711DFC3D2D00662E5B /* BWTableViewCell.m */ = {isa = PBXFileReference; fileEncoding = 4; lastKnownFileType = sourcecode.c.objc; path = BWTableViewCell.m; sourceTree = "<group>"; };
		1641A2721DFC3D2D00662E5B /* BWTableViewCell.xib */ = {isa = PBXFileReference; fileEncoding = 4; lastKnownFileType = file.xib; path = BWTableViewCell.xib; sourceTree = "<group>"; };
		1641A2731DFC3D2D00662E5B /* BWTableViewController.h */ = {isa = PBXFileReference; fileEncoding = 4; lastKnownFileType = sourcecode.c.h; path = BWTableViewController.h; sourceTree = "<group>"; };
		1641A2741DFC3D2D00662E5B /* BWTableViewController.m */ = {isa = PBXFileReference; fileEncoding = 4; lastKnownFileType = sourcecode.c.objc; path = BWTableViewController.m; sourceTree = "<group>"; };
/* End PBXFileReference section */

/* Begin PBXFrameworksBuildPhase section */
		1641A2531DFC3A1600662E5B /* Frameworks */ = {
			isa = PBXFrameworksBuildPhase;
			buildActionMask = 2147483647;
			files = (
			);
			runOnlyForDeploymentPostprocessing = 0;
		};
/* End PBXFrameworksBuildPhase section */

/* Begin PBXGroup section */
		1641A24D1DFC3A1600662E5B = {
			isa = PBXGroup;
			children = (
				1641A2581DFC3A1600662E5B /* BWTableView_SimpleUse */,
				1641A2571DFC3A1600662E5B /* Products */,
			);
			sourceTree = "<group>";
		};
		1641A2571DFC3A1600662E5B /* Products */ = {
			isa = PBXGroup;
			children = (
				1641A2561DFC3A1600662E5B /* BWTableView_SimpleUse.app */,
			);
			name = Products;
			sourceTree = "<group>";
		};
		1641A2581DFC3A1600662E5B /* BWTableView_SimpleUse */ = {
			isa = PBXGroup;
			children = (
				1641A25C1DFC3A1600662E5B /* AppDelegate.h */,
				1641A25D1DFC3A1600662E5B /* AppDelegate.m */,
				1641A2731DFC3D2D00662E5B /* BWTableViewController.h */,
				1641A2741DFC3D2D00662E5B /* BWTableViewController.m */,
				1641A2621DFC3A1600662E5B /* Main.storyboard */,
				1641A2701DFC3D2D00662E5B /* BWTableViewCell.h */,
				1641A2711DFC3D2D00662E5B /* BWTableViewCell.m */,
				1641A2721DFC3D2D00662E5B /* BWTableViewCell.xib */,
				1641A2651DFC3A1600662E5B /* Assets.xcassets */,
				1641A2671DFC3A1600662E5B /* LaunchScreen.storyboard */,
				1641A26A1DFC3A1600662E5B /* Info.plist */,
				1641A2591DFC3A1600662E5B /* Supporting Files */,
			);
			path = BWTableView_SimpleUse;
			sourceTree = "<group>";
		};
		1641A2591DFC3A1600662E5B /* Supporting Files */ = {
			isa = PBXGroup;
			children = (
				1641A25A1DFC3A1600662E5B /* main.m */,
			);
			name = "Supporting Files";
			sourceTree = "<group>";
		};
/* End PBXGroup section */

/* Begin PBXNativeTarget section */
		1641A2551DFC3A1600662E5B /* BWTableView_SimpleUse */ = {
			isa = PBXNativeTarget;
			buildConfigurationList = 1641A26D1DFC3A1600662E5B /* Build configuration list for PBXNativeTarget "BWTableView_SimpleUse" */;
			buildPhases = (
				1641A2521DFC3A1600662E5B /* Sources */,
				1641A2531DFC3A1600662E5B /* Frameworks */,
				1641A2541DFC3A1600662E5B /* Resources */,
			);
			buildRules = (
			);
			dependencies = (
			);
			name = BWTableView_SimpleUse;
			productName = BWTableView_SimpleUse;
			productReference = 1641A2561DFC3A1600662E5B /* BWTableView_SimpleUse.app */;
			productType = "com.apple.product-type.application";
		};
/* End PBXNativeTarget section */

/* Begin PBXProject section */
		1641A24E1DFC3A1600662E5B /* Project object */ = {
			isa = PBXProject;
			attributes = {
				LastUpgradeCheck = 0810;
				ORGANIZATIONNAME = mortal;
				TargetAttributes = {
					1641A2551DFC3A1600662E5B = {
						CreatedOnToolsVersion = 8.1;
						DevelopmentTeam = CB4RJ8S956;
						ProvisioningStyle = Automatic;
					};
				};
			};
			buildConfigurationList = 1641A2511DFC3A1600662E5B /* Build configuration list for PBXProject "BWTableView_SimpleUse" */;
			compatibilityVersion = "Xcode 3.2";
			developmentRegion = English;
			hasScannedForEncodings = 0;
			knownRegions = (
				en,
				Base,
			);
			mainGroup = 1641A24D1DFC3A1600662E5B;
			productRefGroup = 1641A2571DFC3A1600662E5B /* Products */;
			projectDirPath = "";
			projectRoot = "";
			targets = (
				1641A2551DFC3A1600662E5B /* BWTableView_SimpleUse */,
			);
		};
/* End PBXProject section */

/* Begin PBXResourcesBuildPhase section */
		1641A2541DFC3A1600662E5B /* Resources */ = {
			isa = PBXResourcesBuildPhase;
			buildActionMask = 2147483647;
			files = (
				1641A2761DFC3D2D00662E5B /* BWTableViewCell.xib in Resources */,
				1641A2691DFC3A1600662E5B /* LaunchScreen.storyboard in Resources */,
				1641A2661DFC3A1600662E5B /* Assets.xcassets in Resources */,
				1641A2641DFC3A1600662E5B /* Main.storyboard in Resources */,
			);
			runOnlyForDeploymentPostprocessing = 0;
		};
/* End PBXResourcesBuildPhase section */

/* Begin PBXSourcesBuildPhase section */
		1641A2521DFC3A1600662E5B /* Sources */ = {
			isa = PBXSourcesBuildPhase;
			buildActionMask = 2147483647;
			files = (
				1641A25E1DFC3A1600662E5B /* AppDelegate.m in Sources */,
				1641A25B1DFC3A1600662E5B /* main.m in Sources */,
				1641A2771DFC3D2D00662E5B /* BWTableViewController.m in Sources */,
				1641A2751DFC3D2D00662E5B /* BWTableViewCell.m in Sources */,
			);
			runOnlyForDeploymentPostprocessing = 0;
		};
/* End PBXSourcesBuildPhase section */

/* Begin PBXVariantGroup section */
		1641A2621DFC3A1600662E5B /* Main.storyboard */ = {
			isa = PBXVariantGroup;
			children = (
				1641A2631DFC3A1600662E5B /* Base */,
			);
			name = Main.storyboard;
			sourceTree = "<group>";
		};
		1641A2671DFC3A1600662E5B /* LaunchScreen.storyboard */ = {
			isa = PBXVariantGroup;
			children = (
				1641A2681DFC3A1600662E5B /* Base */,
			);
			name = LaunchScreen.storyboard;
			sourceTree = "<group>";
		};
/* End PBXVariantGroup section */

/* Begin XCBuildConfiguration section */
		1641A26B1DFC3A1600662E5B /* Debug */ = {
			isa = XCBuildConfiguration;
			buildSettings = {
				ALWAYS_SEARCH_USER_PATHS = NO;
				CLANG_ANALYZER_NONNULL = YES;
				CLANG_CXX_LANGUAGE_STANDARD = "gnu++0x";
				CLANG_CXX_LIBRARY = "libc++";
				CLANG_ENABLE_MODULES = YES;
				CLANG_ENABLE_OBJC_ARC = YES;
				CLANG_WARN_BOOL_CONVERSION = YES;
				CLANG_WARN_CONSTANT_CONVERSION = YES;
				CLANG_WARN_DIRECT_OBJC_ISA_USAGE = YES_ERROR;
				CLANG_WARN_DOCUMENTATION_COMMENTS = YES;
				CLANG_WARN_EMPTY_BODY = YES;
				CLANG_WARN_ENUM_CONVERSION = YES;
				CLANG_WARN_INFINITE_RECURSION = YES;
				CLANG_WARN_INT_CONVERSION = YES;
				CLANG_WARN_OBJC_ROOT_CLASS = YES_ERROR;
				CLANG_WARN_SUSPICIOUS_MOVES = YES;
				CLANG_WARN_UNREACHABLE_CODE = YES;
				CLANG_WARN__DUPLICATE_METHOD_MATCH = YES;
				"CODE_SIGN_IDENTITY[sdk=iphoneos*]" = "iPhone Developer";
				COPY_PHASE_STRIP = NO;
				DEBUG_INFORMATION_FORMAT = dwarf;
				ENABLE_STRICT_OBJC_MSGSEND = YES;
				ENABLE_TESTABILITY = YES;
				GCC_C_LANGUAGE_STANDARD = gnu99;
				GCC_DYNAMIC_NO_PIC = NO;
				GCC_NO_COMMON_BLOCKS = YES;
				GCC_OPTIMIZATION_LEVEL = 0;
				GCC_PREPROCESSOR_DEFINITIONS = (
					"DEBUG=1",
					"$(inherited)",
				);
				GCC_WARN_64_TO_32_BIT_CONVERSION = YES;
				GCC_WARN_ABOUT_RETURN_TYPE = YES_ERROR;
				GCC_WARN_UNDECLARED_SELECTOR = YES;
				GCC_WARN_UNINITIALIZED_AUTOS = YES_AGGRESSIVE;
				GCC_WARN_UNUSED_FUNCTION = YES;
				GCC_WARN_UNUSED_VARIABLE = YES;
				IPHONEOS_DEPLOYMENT_TARGET = 10.1;
				MTL_ENABLE_DEBUG_INFO = YES;
				ONLY_ACTIVE_ARCH = YES;
				SDKROOT = iphoneos;
			};
			name = Debug;
		};
		1641A26C1DFC3A1600662E5B /* Release */ = {
			isa = XCBuildConfiguration;
			buildSettings = {
				ALWAYS_SEARCH_USER_PATHS = NO;
				CLANG_ANALYZER_NONNULL = YES;
				CLANG_CXX_LANGUAGE_STANDARD = "gnu++0x";
				CLANG_CXX_LIBRARY = "libc++";
				CLANG_ENABLE_MODULES = YES;
				CLANG_ENABLE_OBJC_ARC = YES;
				CLANG_WARN_BOOL_CONVERSION = YES;
				CLANG_WARN_CONSTANT_CONVERSION = YES;
				CLANG_WARN_DIRECT_OBJC_ISA_USAGE = YES_ERROR;
				CLANG_WARN_DOCUMENTATION_COMMENTS = YES;
				CLANG_WARN_EMPTY_BODY = YES;
				CLANG_WARN_ENUM_CONVERSION = YES;
				CLANG_WARN_INFINITE_RECURSION = YES;
				CLANG_WARN_INT_CONVERSION = YES;
				CLANG_WARN_OBJC_ROOT_CLASS = YES_ERROR;
				CLANG_WARN_SUSPICIOUS_MOVES = YES;
				CLANG_WARN_UNREACHABLE_CODE = YES;
				CLANG_WARN__DUPLICATE_METHOD_MATCH = YES;
				"CODE_SIGN_IDENTITY[sdk=iphoneos*]" = "iPhone Developer";
				COPY_PHASE_STRIP = NO;
				DEBUG_INFORMATION_FORMAT = "dwarf-with-dsym";
				ENABLE_NS_ASSERTIONS = NO;
				ENABLE_STRICT_OBJC_MSGSEND = YES;
				GCC_C_LANGUAGE_STANDARD = gnu99;
				GCC_NO_COMMON_BLOCKS = YES;
				GCC_WARN_64_TO_32_BIT_CONVERSION = YES;
				GCC_WARN_ABOUT_RETURN_TYPE = YES_ERROR;
				GCC_WARN_UNDECLARED_SELECTOR = YES;
				GCC_WARN_UNINITIALIZED_AUTOS = YES_AGGRESSIVE;
				GCC_WARN_UNUSED_FUNCTION = YES;
				GCC_WARN_UNUSED_VARIABLE = YES;
				IPHONEOS_DEPLOYMENT_TARGET = 10.1;
				MTL_ENABLE_DEBUG_INFO = NO;
				SDKROOT = iphoneos;
				VALIDATE_PRODUCT = YES;
			};
			name = Release;
		};
		1641A26E1DFC3A1600662E5B /* Debug */ = {
			isa = XCBuildConfiguration;
			buildSettings = {
				ASSETCATALOG_COMPILER_APPICON_NAME = AppIcon;
				DEVELOPMENT_TEAM = CB4RJ8S956;
				INFOPLIST_FILE = BWTableView_SimpleUse/Info.plist;
				LD_RUNPATH_SEARCH_PATHS = "$(inherited) @executable_path/Frameworks";
				PRODUCT_BUNDLE_IDENTIFIER = "lbw.BWTableView-SimpleUse";
				PRODUCT_NAME = "$(TARGET_NAME)";
			};
			name = Debug;
		};
		1641A26F1DFC3A1600662E5B /* Release */ = {
			isa = XCBuildConfiguration;
			buildSettings = {
				ASSETCATALOG_COMPILER_APPICON_NAME = AppIcon;
				DEVELOPMENT_TEAM = CB4RJ8S956;
				INFOPLIST_FILE = BWTableView_SimpleUse/Info.plist;
				LD_RUNPATH_SEARCH_PATHS = "$(inherited) @executable_path/Frameworks";
				PRODUCT_BUNDLE_IDENTIFIER = "lbw.BWTableView-SimpleUse";
				PRODUCT_NAME = "$(TARGET_NAME)";
			};
			name = Release;
		};
/* End XCBuildConfiguration section */

/* Begin XCConfigurationList section */
		1641A2511DFC3A1600662E5B /* Build configuration list for PBXProject "BWTableView_SimpleUse" */ = {
			isa = XCConfigurationList;
			buildConfigurations = (
				1641A26B1DFC3A1600662E5B /* Debug */,
				1641A26C1DFC3A1600662E5B /* Release */,
			);
			defaultConfigurationIsVisible = 0;
			defaultConfigurationName = Release;
		};
		1641A26D1DFC3A1600662E5B /* Build configuration list for PBXNativeTarget "BWTableView_SimpleUse" */ = {
			isa = XCConfigurationList;
			buildConfigurations = (
				1641A26E1DFC3A1600662E5B /* Debug */,
				1641A26F1DFC3A1600662E5B /* Release */,
			);
			defaultConfigurationIsVisible = 0;
			defaultConfigurationName = Release;
		};
/* End XCConfigurationList section */
	};
	rootObject = 1641A24E1DFC3A1600662E5B /* Project object */;
}
